
Microsoft Visual Studio Solution File, Format Version 12.00
# Visual Studio Version 17
VisualStudioVersion = 17.14.36705.20 d17.14
MinimumVisualStudioVersion = 10.0.40219.1
Project("{FAE04EC0-301F-11D3-BF4B-00C04F79EFBC}") = "Captcha", "Captcha\Captcha.csproj", "{5661B57D-9B8C-469E-96BA-84EF2C25347A}"
EndProject
Global
	GlobalSection(SolutionConfigurationPlatforms) = preSolution
		Debug|Any CPU = Debug|Any CPU
		Release|Any CPU = Release|Any CPU
	EndGlobalSection
	GlobalSection(ProjectConfigurationPlatforms) = postSolution
		{5661B57D-9B8C-469E-96BA-84EF2C25347A}.Debug|Any CPU.ActiveCfg = Debug|Any CPU
		{5661B57D-9B8C-469E-96BA-84EF2C25347A}.Debug|Any CPU.Build.0 = Debug|Any CPU
		{5661B57D-9B8C-469E-96BA-84EF2C25347A}.Release|Any CPU.ActiveCfg = Release|Any CPU
		{5661B57D-9B8C-469E-96BA-84EF2C25347A}.Release|Any CPU.Build.0 = Release|Any CPU
	EndGlobalSection
	GlobalSection(SolutionProperties) = preSolution
		HideSolutionNode = FALSE
	EndGlobalSection
	GlobalSection(ExtensibilityGlobals) = postSolution
		SolutionGuid = {187D9DB2-7514-4958-890C-6CB7A83B4D9D}
	EndGlobalSection
EndGlobal
